// !$*UTF8*$!
{
	archiveVersion = 1;
	classes = {
	};
	objectVersion = 77;
	objects = {

/* Begin PBXCopyFilesBuildPhase section */
		887F386C2E0E1DE400A37971 /* CopyFiles */ = {
			isa = PBXCopyFilesBuildPhase;
			buildActionMask = 2147483647;
			dstPath = /usr/share/man/man1/;
			dstSubfolderSpec = 0;
			files = (
			);
			runOnlyForDeploymentPostprocessing = 1;
		};
/* End PBXCopyFilesBuildPhase section */

/* Begin PBXFileReference section */
		887F386E2E0E1DE400A37971 /* TetrahedralizerMain */ = {isa = PBXFileReference; explicitFileType = "compiled.mach-o.executable"; includeInIndex = 0; path = TetrahedralizerMain; sourceTree = BUILT_PRODUCTS_DIR; };
		887F387C2E0E1F1F00A37971 /* TetrahedralizerLibrary.dylib */ = {isa = PBXFileReference; explicitFileType = "compiled.mach-o.dylib"; includeInIndex = 0; path = TetrahedralizerLibrary.dylib; sourceTree = BUILT_PRODUCTS_DIR; };
/* End PBXFileReference section */

/* Begin PBXFileSystemSynchronizedBuildFileExceptionSet section */
		887F388D2E0E1F2800A37971 /* Exceptions for "TetrahedralizerLibrary" folder in "TetrahedralizerLibrary" target */ = {
			isa = PBXFileSystemSynchronizedBuildFileExceptionSet;
			membershipExceptions = (
				binary_space_partition.cpp,
				binary_space_partition.hpp,
				common_function.h,
				common_header.h,
				delaunay_tetrahedralization.cpp,
				delaunay_tetrahedralization.hpp,
				generic_point_approximation.cpp,
				generic_point_approximation.hpp,
				generic_point_predicate.cpp,
				generic_point_predicate.hpp,
				graph_cut/block.h,
				graph_cut/energy.h,
				graph_cut/GCoptimization.cpp,
				graph_cut/GCoptimization.h,
				graph_cut/graph.cpp,
				graph_cut/graph.h,
				graph_cut/LinkedBlockList.cpp,
				graph_cut/LinkedBlockList.h,
				graph_cut/maxflow.cpp,
				indirect_predicates/hand_optimized_predicates.hpp,
				indirect_predicates/implicit_point.h,
				indirect_predicates/implicit_point.hpp,
				indirect_predicates/indirect_predicates.h,
				indirect_predicates/indirect_predicates.hpp,
				indirect_predicates/numerics.h,
				interior_characterization.cpp,
				interior_characterization.hpp,
				numeric_array.h,
				polyhedralization_tetrahedralization.cpp,
				polyhedralization_tetrahedralization.hpp,
				polyhedralization.cpp,
				polyhedralization.hpp,
				tetrahedralization.cpp,
				tetrahedralization.hpp,
				triangle_tetrahedron_intersection.cpp,
				triangle_tetrahedron_intersection.hpp,
				unused/main.cpp,
			);
			target = 887F387B2E0E1F1F00A37971 /* TetrahedralizerLibrary */;
		};
/* End PBXFileSystemSynchronizedBuildFileExceptionSet section */

/* Begin PBXFileSystemSynchronizedGroupBuildPhaseMembershipExceptionSet section */
		88134D922EDFDF2B00EFDE3D /* Exceptions for "TetrahedralizerLibrary" folder in "Headers" phase from "TetrahedralizerLibrary" target */ = {
			isa = PBXFileSystemSynchronizedGroupBuildPhaseMembershipExceptionSet;
			buildPhase = 887F38782E0E1F1F00A37971 /* Headers */;
			membershipExceptions = (
				triangle_tetrahedron_intersection.cpp,
			);
		};
/* End PBXFileSystemSynchronizedGroupBuildPhaseMembershipExceptionSet section */

/* Begin PBXFileSystemSynchronizedRootGroup section */
		887F38702E0E1DE400A37971 /* TetrahedralizerLibrary */ = {
			isa = PBXFileSystemSynchronizedRootGroup;
			exceptions = (
				887F388D2E0E1F2800A37971 /* Exceptions for "TetrahedralizerLibrary" folder in "TetrahedralizerLibrary" target */,
				88134D922EDFDF2B00EFDE3D /* Exceptions for "TetrahedralizerLibrary" folder in "Headers" phase from "TetrahedralizerLibrary" target */,
			);
			path = TetrahedralizerLibrary;
			sourceTree = "<group>";
		};
/* End PBXFileSystemSynchronizedRootGroup section */

/* Begin PBXFrameworksBuildPhase section */
		887F386B2E0E1DE400A37971 /* Frameworks */ = {
			isa = PBXFrameworksBuildPhase;
			buildActionMask = 2147483647;
			files = (
			);
			runOnlyForDeploymentPostprocessing = 0;
		};
		887F387A2E0E1F1F00A37971 /* Frameworks */ = {
			isa = PBXFrameworksBuildPhase;
			buildActionMask = 2147483647;
			files = (
			);
			runOnlyForDeploymentPostprocessing = 0;
		};
/* End PBXFrameworksBuildPhase section */

/* Begin PBXGroup section */
		887F38652E0E1DE400A37971 = {
			isa = PBXGroup;
			children = (
				887F38702E0E1DE400A37971 /* TetrahedralizerLibrary */,
				887F386F2E0E1DE400A37971 /* Products */,
			);
			sourceTree = "<group>";
		};
		887F386F2E0E1DE400A37971 /* Products */ = {
			isa = PBXGroup;
			children = (
				887F386E2E0E1DE400A37971 /* TetrahedralizerMain */,
				887F387C2E0E1F1F00A37971 /* TetrahedralizerLibrary.dylib */,
			);
			name = Products;
			sourceTree = "<group>";
		};
/* End PBXGroup section */

/* Begin PBXHeadersBuildPhase section */
		887F38782E0E1F1F00A37971 /* Headers */ = {
			isa = PBXHeadersBuildPhase;
			buildActionMask = 2147483647;
			files = (
			);
			runOnlyForDeploymentPostprocessing = 0;
		};
/* End PBXHeadersBuildPhase section */

/* Begin PBXNativeTarget section */
		887F386D2E0E1DE400A37971 /* TetrahedralizerMain */ = {
			isa = PBXNativeTarget;
			buildConfigurationList = 887F38752E0E1DE400A37971 /* Build configuration list for PBXNativeTarget "TetrahedralizerMain" */;
			buildPhases = (
				887F386A2E0E1DE400A37971 /* Sources */,
				887F386B2E0E1DE400A37971 /* Frameworks */,
				887F386C2E0E1DE400A37971 /* CopyFiles */,
			);
			buildRules = (
			);
			dependencies = (
			);
			fileSystemSynchronizedGroups = (
				887F38702E0E1DE400A37971 /* TetrahedralizerLibrary */,
			);
			name = TetrahedralizerMain;
			packageProductDependencies = (
			);
			productName = TetrahedralizerLibrary;
			productReference = 887F386E2E0E1DE400A37971 /* TetrahedralizerMain */;
			productType = "com.apple.product-type.tool";
		};
		887F387B2E0E1F1F00A37971 /* TetrahedralizerLibrary */ = {
			isa = PBXNativeTarget;
			buildConfigurationList = 887F387D2E0E1F1F00A37971 /* Build configuration list for PBXNativeTarget "TetrahedralizerLibrary" */;
			buildPhases = (
				887F38782E0E1F1F00A37971 /* Headers */,
				887F38792E0E1F1F00A37971 /* Sources */,
				887F387A2E0E1F1F00A37971 /* Frameworks */,
			);
			buildRules = (
			);
			dependencies = (
			);
			name = TetrahedralizerLibrary;
			packageProductDependencies = (
			);
			productName = TetrahedralizerLibrary;
			productReference = 887F387C2E0E1F1F00A37971 /* TetrahedralizerLibrary.dylib */;
			productType = "com.apple.product-type.library.dynamic";
		};
/* End PBXNativeTarget section */

/* Begin PBXProject section */
		887F38662E0E1DE400A37971 /* Project object */ = {
			isa = PBXProject;
			attributes = {
				BuildIndependentTargetsInParallel = 1;
				LastUpgradeCheck = 1640;
				TargetAttributes = {
					887F386D2E0E1DE400A37971 = {
						CreatedOnToolsVersion = 16.4;
						LastSwiftMigration = 1640;
					};
					887F387B2E0E1F1F00A37971 = {
						CreatedOnToolsVersion = 16.4;
						LastSwiftMigration = 1640;
					};
				};
			};
			buildConfigurationList = 887F38692E0E1DE400A37971 /* Build configuration list for PBXProject "TetrahedralizerLibrary" */;
			developmentRegion = en;
			hasScannedForEncodings = 0;
			knownRegions = (
				en,
				Base,
			);
			mainGroup = 887F38652E0E1DE400A37971;
			minimizedProjectReferenceProxies = 1;
			preferredProjectObjectVersion = 77;
			productRefGroup = 887F386F2E0E1DE400A37971 /* Products */;
			projectDirPath = "";
			projectRoot = "";
			targets = (
				887F386D2E0E1DE400A37971 /* TetrahedralizerMain */,
				887F387B2E0E1F1F00A37971 /* TetrahedralizerLibrary */,
			);
		};
/* End PBXProject section */

/* Begin PBXSourcesBuildPhase section */
		887F386A2E0E1DE400A37971 /* Sources */ = {
			isa = PBXSourcesBuildPhase;
			buildActionMask = 2147483647;
			files = (
			);
			runOnlyForDeploymentPostprocessing = 0;
		};
		887F38792E0E1F1F00A37971 /* Sources */ = {
			isa = PBXSourcesBuildPhase;
			buildActionMask = 2147483647;
			files = (
			);
			runOnlyForDeploymentPostprocessing = 0;
		};
/* End PBXSourcesBuildPhase section */

/* Begin XCBuildConfiguration section */
		887F38732E0E1DE400A37971 /* Debug */ = {
			isa = XCBuildConfiguration;
			buildSettings = {
				ALWAYS_SEARCH_USER_PATHS = NO;
				ASSETCATALOG_COMPILER_GENERATE_SWIFT_ASSET_SYMBOL_EXTENSIONS = YES;
				CLANG_ANALYZER_NONNULL = YES;
				CLANG_ANALYZER_NUMBER_OBJECT_CONVERSION = YES_AGGRESSIVE;
				CLANG_CXX_LANGUAGE_STANDARD = "gnu++20";
				CLANG_ENABLE_MODULES = YES;
				CLANG_ENABLE_OBJC_ARC = YES;
				CLANG_ENABLE_OBJC_WEAK = YES;
				CLANG_WARN_BLOCK_CAPTURE_AUTORELEASING = YES;
				CLANG_WARN_BOOL_CONVERSION = YES;
				CLANG_WARN_COMMA = YES;
				CLANG_WARN_CONSTANT_CONVERSION = YES;
				CLANG_WARN_DEPRECATED_OBJC_IMPLEMENTATIONS = YES;
				CLANG_WARN_DIRECT_OBJC_ISA_USAGE = YES_ERROR;
				CLANG_WARN_DOCUMENTATION_COMMENTS = YES;
				CLANG_WARN_EMPTY_BODY = YES;
				CLANG_WARN_ENUM_CONVERSION = YES;
				CLANG_WARN_INFINITE_RECURSION = YES;
				CLANG_WARN_INT_CONVERSION = YES;
				CLANG_WARN_NON_LITERAL_NULL_CONVERSION = YES;
				CLANG_WARN_OBJC_IMPLICIT_RETAIN_SELF = YES;
				CLANG_WARN_OBJC_LITERAL_CONVERSION = YES;
				CLANG_WARN_OBJC_ROOT_CLASS = YES_ERROR;
				CLANG_WARN_QUOTED_INCLUDE_IN_FRAMEWORK_HEADER = YES;
				CLANG_WARN_RANGE_LOOP_ANALYSIS = YES;
				CLANG_WARN_STRICT_PROTOTYPES = YES;
				CLANG_WARN_SUSPICIOUS_MOVE = YES;
				CLANG_WARN_UNGUARDED_AVAILABILITY = YES_AGGRESSIVE;
				CLANG_WARN_UNREACHABLE_CODE = YES;
				CLANG_WARN__DUPLICATE_METHOD_MATCH = YES;
				COPY_PHASE_STRIP = NO;
				DEBUG_INFORMATION_FORMAT = dwarf;
				ENABLE_STRICT_OBJC_MSGSEND = YES;
				ENABLE_TESTABILITY = YES;
				ENABLE_USER_SCRIPT_SANDBOXING = YES;
				GCC_C_LANGUAGE_STANDARD = gnu17;
				GCC_DYNAMIC_NO_PIC = NO;
				GCC_NO_COMMON_BLOCKS = YES;
				GCC_OPTIMIZATION_LEVEL = 0;
				GCC_PREPROCESSOR_DEFINITIONS = (
					"DEBUG=1",
					"$(inherited)",
				);
				GCC_WARN_64_TO_32_BIT_CONVERSION = NO;
				GCC_WARN_ABOUT_RETURN_TYPE = YES_ERROR;
				GCC_WARN_UNDECLARED_SELECTOR = YES;
				GCC_WARN_UNINITIALIZED_AUTOS = YES_AGGRESSIVE;
				GCC_WARN_UNUSED_FUNCTION = YES;
				GCC_WARN_UNUSED_VARIABLE = YES;
				LOCALIZATION_PREFERS_STRING_CATALOGS = YES;
				MACOSX_DEPLOYMENT_TARGET = 15.5;
				MTL_ENABLE_DEBUG_INFO = INCLUDE_SOURCE;
				MTL_FAST_MATH = YES;
				ONLY_ACTIVE_ARCH = NO;
				OTHER_CPLUSPLUSFLAGS = (
					"$(OTHER_CFLAGS)",
					"-ffp-model=strict",
				);
				SDKROOT = macosx;
				SYMROOT = /Users/hanzemeng/Desktop/;
				WARNING_CFLAGS = "";
			};
			name = Debug;
		};
		887F38742E0E1DE400A37971 /* Release */ = {
			isa = XCBuildConfiguration;
			buildSettings = {
				ALWAYS_SEARCH_USER_PATHS = NO;
				ASSETCATALOG_COMPILER_GENERATE_SWIFT_ASSET_SYMBOL_EXTENSIONS = YES;
				CLANG_ANALYZER_NONNULL = YES;
				CLANG_ANALYZER_NUMBER_OBJECT_CONVERSION = YES_AGGRESSIVE;
				CLANG_CXX_LANGUAGE_STANDARD = "gnu++20";
				CLANG_ENABLE_MODULES = YES;
				CLANG_ENABLE_OBJC_ARC = YES;
				CLANG_ENABLE_OBJC_WEAK = YES;
				CLANG_WARN_BLOCK_CAPTURE_AUTORELEASING = YES;
				CLANG_WARN_BOOL_CONVERSION = YES;
				CLANG_WARN_COMMA = YES;
				CLANG_WARN_CONSTANT_CONVERSION = YES;
				CLANG_WARN_DEPRECATED_OBJC_IMPLEMENTATIONS = YES;
				CLANG_WARN_DIRECT_OBJC_ISA_USAGE = YES_ERROR;
				CLANG_WARN_DOCUMENTATION_COMMENTS = YES;
				CLANG_WARN_EMPTY_BODY = YES;
				CLANG_WARN_ENUM_CONVERSION = YES;
				CLANG_WARN_INFINITE_RECURSION = YES;
				CLANG_WARN_INT_CONVERSION = YES;
				CLANG_WARN_NON_LITERAL_NULL_CONVERSION = YES;
				CLANG_WARN_OBJC_IMPLICIT_RETAIN_SELF = YES;
				CLANG_WARN_OBJC_LITERAL_CONVERSION = YES;
				CLANG_WARN_OBJC_ROOT_CLASS = YES_ERROR;
				CLANG_WARN_QUOTED_INCLUDE_IN_FRAMEWORK_HEADER = YES;
				CLANG_WARN_RANGE_LOOP_ANALYSIS = YES;
				CLANG_WARN_STRICT_PROTOTYPES = YES;
				CLANG_WARN_SUSPICIOUS_MOVE = YES;
				CLANG_WARN_UNGUARDED_AVAILABILITY = YES_AGGRESSIVE;
				CLANG_WARN_UNREACHABLE_CODE = YES;
				CLANG_WARN__DUPLICATE_METHOD_MATCH = YES;
				COPY_PHASE_STRIP = NO;
				DEBUG_INFORMATION_FORMAT = "dwarf-with-dsym";
				ENABLE_NS_ASSERTIONS = NO;
				ENABLE_STRICT_OBJC_MSGSEND = YES;
				ENABLE_USER_SCRIPT_SANDBOXING = YES;
				GCC_C_LANGUAGE_STANDARD = gnu17;
				GCC_NO_COMMON_BLOCKS = YES;
				GCC_WARN_64_TO_32_BIT_CONVERSION = NO;
				GCC_WARN_ABOUT_RETURN_TYPE = YES_ERROR;
				GCC_WARN_UNDECLARED_SELECTOR = YES;
				GCC_WARN_UNINITIALIZED_AUTOS = YES_AGGRESSIVE;
				GCC_WARN_UNUSED_FUNCTION = YES;
				GCC_WARN_UNUSED_VARIABLE = YES;
				LOCALIZATION_PREFERS_STRING_CATALOGS = YES;
				MACOSX_DEPLOYMENT_TARGET = 15.5;
				MTL_ENABLE_DEBUG_INFO = NO;
				MTL_FAST_MATH = YES;
				ONLY_ACTIVE_ARCH = NO;
				OTHER_CPLUSPLUSFLAGS = (
					"$(OTHER_CFLAGS)",
					"-ffp-model=strict",
				);
				SDKROOT = macosx;
				SYMROOT = /Users/hanzemeng/Desktop/;
				WARNING_CFLAGS = "";
			};
			name = Release;
		};
		887F38762E0E1DE400A37971 /* Debug */ = {
			isa = XCBuildConfiguration;
			buildSettings = {
				CLANG_ENABLE_MODULES = YES;
				CODE_SIGN_STYLE = Automatic;
				PRODUCT_NAME = "$(TARGET_NAME)";
				SWIFT_OPTIMIZATION_LEVEL = "-Onone";
				SWIFT_VERSION = 6.0;
			};
			name = Debug;
		};
		887F38772E0E1DE400A37971 /* Release */ = {
			isa = XCBuildConfiguration;
			buildSettings = {
				CLANG_ENABLE_MODULES = YES;
				CODE_SIGN_STYLE = Automatic;
				PRODUCT_NAME = "$(TARGET_NAME)";
				SWIFT_VERSION = 6.0;
			};
			name = Release;
		};
		887F387E2E0E1F1F00A37971 /* Debug */ = {
			isa = XCBuildConfiguration;
			buildSettings = {
				CLANG_ENABLE_MODULES = YES;
				CODE_SIGN_STYLE = Automatic;
				DYLIB_COMPATIBILITY_VERSION = 1;
				DYLIB_CURRENT_VERSION = 1;
				EXECUTABLE_PREFIX = "";
				PRODUCT_NAME = "$(TARGET_NAME)";
				SKIP_INSTALL = YES;
				SWIFT_OPTIMIZATION_LEVEL = "-Onone";
				SWIFT_VERSION = 6.0;
			};
			name = Debug;
		};
		887F387F2E0E1F1F00A37971 /* Release */ = {
			isa = XCBuildConfiguration;
			buildSettings = {
				CLANG_ENABLE_MODULES = YES;
				CODE_SIGN_STYLE = Automatic;
				DYLIB_COMPATIBILITY_VERSION = 1;
				DYLIB_CURRENT_VERSION = 1;
				EXECUTABLE_PREFIX = "";
				PRODUCT_NAME = "$(TARGET_NAME)";
				SKIP_INSTALL = YES;
				SWIFT_VERSION = 6.0;
			};
			name = Release;
		};
/* End XCBuildConfiguration section */

/* Begin XCConfigurationList section */
		887F38692E0E1DE400A37971 /* Build configuration list for PBXProject "TetrahedralizerLibrary" */ = {
			isa = XCConfigurationList;
			buildConfigurations = (
				887F38732E0E1DE400A37971 /* Debug */,
				887F38742E0E1DE400A37971 /* Release */,
			);
			defaultConfigurationIsVisible = 0;
			defaultConfigurationName = Release;
		};
		887F38752E0E1DE400A37971 /* Build configuration list for PBXNativeTarget "TetrahedralizerMain" */ = {
			isa = XCConfigurationList;
			buildConfigurations = (
				887F38762E0E1DE400A37971 /* Debug */,
				887F38772E0E1DE400A37971 /* Release */,
			);
			defaultConfigurationIsVisible = 0;
			defaultConfigurationName = Release;
		};
		887F387D2E0E1F1F00A37971 /* Build configuration list for PBXNativeTarget "TetrahedralizerLibrary" */ = {
			isa = XCConfigurationList;
			buildConfigurations = (
				887F387E2E0E1F1F00A37971 /* Debug */,
				887F387F2E0E1F1F00A37971 /* Release */,
			);
			defaultConfigurationIsVisible = 0;
			defaultConfigurationName = Release;
		};
/* End XCConfigurationList section */
	};
	rootObject = 887F38662E0E1DE400A37971 /* Project object */;
}
